{
  "requires": true,
  "lockfileVersion": 1,
  "dependencies": {
    "vue": {
      "version": "2.6.10",
      "resolved": "https://registry.npmjs.org/vue/-/vue-2.6.10.tgz",
      "integrity": "sha512-ImThpeNU9HbdZL3utgMCq0oiMzAkt1mcgy3/E6zWC/G6AaQoeuFdsl9nDhTDU3X1R6FK7nsIUuRACVcjI+A2GQ=="
    },
    "yarn": {
      "version": "1.17.3",
      "resolved": "https://registry.npmjs.org/yarn/-/yarn-1.17.3.tgz",
      "integrity": "sha512-CgA8o7nRZaQvmeF/WBx2FC7f9W/0X59T2IaLYqgMo6637wfp5mMEsM3YXoJtKUspnpmDJKl/gGFhnqS+sON7hA=="
    }
  }
}
